
Microsoft Visual Studio Solution File, Format Version 12.00
# Visual Studio 15
VisualStudioVersion = 15.0.28307.329
MinimumVisualStudioVersion = 10.0.40219.1
Project("{FAE04EC0-301F-11D3-BF4B-00C04F79EFBC}") = "task1", "Task 1\task1.csproj", "{19425F37-581C-4915-89E4-CC7542B45761}"
EndProject
Project("{FAE04EC0-301F-11D3-BF4B-00C04F79EFBC}") = "example3", "example3\example3.csproj", "{2309BB98-8C82-4EC1-8EC1-D60FFC2A9868}"
EndProject
Project("{FAE04EC0-301F-11D3-BF4B-00C04F79EFBC}") = "Example", "Example\Example.csproj", "{366AD3A8-15FA-457B-A91C-F8A8D25E1F71}"
EndProject
Project("{FAE04EC0-301F-11D3-BF4B-00C04F79EFBC}") = "task2", "task2\task2.csproj", "{756FBC1F-6BFA-4902-8DC0-DFD5E509E16A}"
EndProject
Project("{FAE04EC0-301F-11D3-BF4B-00C04F79EFBC}") = "Task3", "Task3\Task3.csproj", "{460B948F-6E69-4843-9ADD-A7DD4E1EF39E}"
EndProject
Project("{FAE04EC0-301F-11D3-BF4B-00C04F79EFBC}") = "Task4", "Task4\Task4.csproj", "{68D1E189-8A39-437D-B27F-088F64D1C2A1}"
EndProject
Global
	GlobalSection(SolutionConfigurationPlatforms) = preSolution
		Debug|Any CPU = Debug|Any CPU
		Release|Any CPU = Release|Any CPU
	EndGlobalSection
	GlobalSection(ProjectConfigurationPlatforms) = postSolution
		{19425F37-581C-4915-89E4-CC7542B45761}.Debug|Any CPU.ActiveCfg = Debug|Any CPU
		{19425F37-581C-4915-89E4-CC7542B45761}.Debug|Any CPU.Build.0 = Debug|Any CPU
		{19425F37-581C-4915-89E4-CC7542B45761}.Release|Any CPU.ActiveCfg = Release|Any CPU
		{19425F37-581C-4915-89E4-CC7542B45761}.Release|Any CPU.Build.0 = Release|Any CPU
		{2309BB98-8C82-4EC1-8EC1-D60FFC2A9868}.Debug|Any CPU.ActiveCfg = Debug|Any CPU
		{2309BB98-8C82-4EC1-8EC1-D60FFC2A9868}.Debug|Any CPU.Build.0 = Debug|Any CPU
		{2309BB98-8C82-4EC1-8EC1-D60FFC2A9868}.Release|Any CPU.ActiveCfg = Release|Any CPU
		{2309BB98-8C82-4EC1-8EC1-D60FFC2A9868}.Release|Any CPU.Build.0 = Release|Any CPU
		{366AD3A8-15FA-457B-A91C-F8A8D25E1F71}.Debug|Any CPU.ActiveCfg = Debug|Any CPU
		{366AD3A8-15FA-457B-A91C-F8A8D25E1F71}.Debug|Any CPU.Build.0 = Debug|Any CPU
		{366AD3A8-15FA-457B-A91C-F8A8D25E1F71}.Release|Any CPU.ActiveCfg = Release|Any CPU
		{366AD3A8-15FA-457B-A91C-F8A8D25E1F71}.Release|Any CPU.Build.0 = Release|Any CPU
		{756FBC1F-6BFA-4902-8DC0-DFD5E509E16A}.Debug|Any CPU.ActiveCfg = Debug|Any CPU
		{756FBC1F-6BFA-4902-8DC0-DFD5E509E16A}.Debug|Any CPU.Build.0 = Debug|Any CPU
		{756FBC1F-6BFA-4902-8DC0-DFD5E509E16A}.Release|Any CPU.ActiveCfg = Release|Any CPU
		{756FBC1F-6BFA-4902-8DC0-DFD5E509E16A}.Release|Any CPU.Build.0 = Release|Any CPU
		{460B948F-6E69-4843-9ADD-A7DD4E1EF39E}.Debug|Any CPU.ActiveCfg = Debug|Any CPU
		{460B948F-6E69-4843-9ADD-A7DD4E1EF39E}.Debug|Any CPU.Build.0 = Debug|Any CPU
		{460B948F-6E69-4843-9ADD-A7DD4E1EF39E}.Release|Any CPU.ActiveCfg = Release|Any CPU
		{460B948F-6E69-4843-9ADD-A7DD4E1EF39E}.Release|Any CPU.Build.0 = Release|Any CPU
		{68D1E189-8A39-437D-B27F-088F64D1C2A1}.Debug|Any CPU.ActiveCfg = Debug|Any CPU
		{68D1E189-8A39-437D-B27F-088F64D1C2A1}.Debug|Any CPU.Build.0 = Debug|Any CPU
		{68D1E189-8A39-437D-B27F-088F64D1C2A1}.Release|Any CPU.ActiveCfg = Release|Any CPU
		{68D1E189-8A39-437D-B27F-088F64D1C2A1}.Release|Any CPU.Build.0 = Release|Any CPU
	EndGlobalSection
	GlobalSection(SolutionProperties) = preSolution
		HideSolutionNode = FALSE
	EndGlobalSection
	GlobalSection(ExtensibilityGlobals) = postSolution
		SolutionGuid = {5BF58659-A6A9-4675-B8FF-EE296A354A7C}
	EndGlobalSection
EndGlobal
